// !$*UTF8*$!
{
	archiveVersion = 1;
	classes = {
	};
	objectVersion = 50;
	objects = {

/* Begin PBXBuildFile section */
		BDBA87CA24210EE80089157A /* AppDelegate.m in Sources */ = {isa = PBXBuildFile; fileRef = BDBA87C924210EE80089157A /* AppDelegate.m */; };
		BDBA87CD24210EE80089157A /* SceneDelegate.m in Sources */ = {isa = PBXBuildFile; fileRef = BDBA87CC24210EE80089157A /* SceneDelegate.m */; };
		BDBA87D024210EE80089157A /* ViewController.m in Sources */ = {isa = PBXBuildFile; fileRef = BDBA87CF24210EE80089157A /* ViewController.m */; };
		BDBA87D324210EE80089157A /* Main.storyboard in Resources */ = {isa = PBXBuildFile; fileRef = BDBA87D124210EE80089157A /* Main.storyboard */; };
		BDBA87D524210EEB0089157A /* Assets.xcassets in Resources */ = {isa = PBXBuildFile; fileRef = BDBA87D424210EEB0089157A /* Assets.xcassets */; };
		BDBA87D824210EEB0089157A /* LaunchScreen.storyboard in Resources */ = {isa = PBXBuildFile; fileRef = BDBA87D624210EEB0089157A /* LaunchScreen.storyboard */; };
		BDBA87DB24210EEB0089157A /* main.m in Sources */ = {isa = PBXBuildFile; fileRef = BDBA87DA24210EEB0089157A /* main.m */; };
/* End PBXBuildFile section */

/* Begin PBXFileReference section */
		BDBA87C524210EE80089157A /* MoveItem2.app */ = {isa = PBXFileReference; explicitFileType = wrapper.application; includeInIndex = 0; path = MoveItem2.app; sourceTree = BUILT_PRODUCTS_DIR; };
		BDBA87C824210EE80089157A /* AppDelegate.h */ = {isa = PBXFileReference; lastKnownFileType = sourcecode.c.h; path = AppDelegate.h; sourceTree = "<group>"; };
		BDBA87C924210EE80089157A /* AppDelegate.m */ = {isa = PBXFileReference; lastKnownFileType = sourcecode.c.objc; path = AppDelegate.m; sourceTree = "<group>"; };
		BDBA87CB24210EE80089157A /* SceneDelegate.h */ = {isa = PBXFileReference; lastKnownFileType = sourcecode.c.h; path = SceneDelegate.h; sourceTree = "<group>"; };
		BDBA87CC24210EE80089157A /* SceneDelegate.m */ = {isa = PBXFileReference; lastKnownFileType = sourcecode.c.objc; path = SceneDelegate.m; sourceTree = "<group>"; };
		BDBA87CE24210EE80089157A /* ViewController.h */ = {isa = PBXFileReference; lastKnownFileType = sourcecode.c.h; path = ViewController.h; sourceTree = "<group>"; };
		BDBA87CF24210EE80089157A /* ViewController.m */ = {isa = PBXFileReference; lastKnownFileType = sourcecode.c.objc; path = ViewController.m; sourceTree = "<group>"; };
		BDBA87D224210EE80089157A /* Base */ = {isa = PBXFileReference; lastKnownFileType = file.storyboard; name = Base; path = Base.lproj/Main.storyboard; sourceTree = "<group>"; };
		BDBA87D424210EEB0089157A /* Assets.xcassets */ = {isa = PBXFileReference; lastKnownFileType = folder.assetcatalog; path = Assets.xcassets; sourceTree = "<group>"; };
		BDBA87D724210EEB0089157A /* Base */ = {isa = PBXFileReference; lastKnownFileType = file.storyboard; name = Base; path = Base.lproj/LaunchScreen.storyboard; sourceTree = "<group>"; };
		BDBA87D924210EEB0089157A /* Info.plist */ = {isa = PBXFileReference; lastKnownFileType = text.plist.xml; path = Info.plist; sourceTree = "<group>"; };
		BDBA87DA24210EEB0089157A /* main.m */ = {isa = PBXFileReference; lastKnownFileType = sourcecode.c.objc; path = main.m; sourceTree = "<group>"; };
/* End PBXFileReference section */

/* Begin PBXFrameworksBuildPhase section */
		BDBA87C224210EE80089157A /* Frameworks */ = {
			isa = PBXFrameworksBuildPhase;
			buildActionMask = 2147483647;
			files = (
			);
			runOnlyForDeploymentPostprocessing = 0;
		};
/* End PBXFrameworksBuildPhase section */

/* Begin PBXGroup section */
		BDBA87BC24210EE80089157A = {
			isa = PBXGroup;
			children = (
				BDBA87C724210EE80089157A /* MoveItem2 */,
				BDBA87C624210EE80089157A /* Products */,
			);
			sourceTree = "<group>";
		};
		BDBA87C624210EE80089157A /* Products */ = {
			isa = PBXGroup;
			children = (
				BDBA87C524210EE80089157A /* MoveItem2.app */,
			);
			name = Products;
			sourceTree = "<group>";
		};
		BDBA87C724210EE80089157A /* MoveItem2 */ = {
			isa = PBXGroup;
			children = (
				BDBA87C824210EE80089157A /* AppDelegate.h */,
				BDBA87C924210EE80089157A /* AppDelegate.m */,
				BDBA87CB24210EE80089157A /* SceneDelegate.h */,
				BDBA87CC24210EE80089157A /* SceneDelegate.m */,
				BDBA87CE24210EE80089157A /* ViewController.h */,
				BDBA87CF24210EE80089157A /* ViewController.m */,
				BDBA87D124210EE80089157A /* Main.storyboard */,
				BDBA87D424210EEB0089157A /* Assets.xcassets */,
				BDBA87D624210EEB0089157A /* LaunchScreen.storyboard */,
				BDBA87D924210EEB0089157A /* Info.plist */,
				BDBA87DA24210EEB0089157A /* main.m */,
			);
			path = MoveItem2;
			sourceTree = "<group>";
		};
/* End PBXGroup section */

/* Begin PBXNativeTarget section */
		BDBA87C424210EE80089157A /* MoveItem2 */ = {
			isa = PBXNativeTarget;
			buildConfigurationList = BDBA87DE24210EEB0089157A /* Build configuration list for PBXNativeTarget "MoveItem2" */;
			buildPhases = (
				BDBA87C124210EE80089157A /* Sources */,
				BDBA87C224210EE80089157A /* Frameworks */,
				BDBA87C324210EE80089157A /* Resources */,
			);
			buildRules = (
			);
			dependencies = (
			);
			name = MoveItem2;
			productName = MoveItem2;
			productReference = BDBA87C524210EE80089157A /* MoveItem2.app */;
			productType = "com.apple.product-type.application";
		};
/* End PBXNativeTarget section */

/* Begin PBXProject section */
		BDBA87BD24210EE80089157A /* Project object */ = {
			isa = PBXProject;
			attributes = {
				LastUpgradeCheck = 1130;
				ORGANIZATIONNAME = "黄震";
				TargetAttributes = {
					BDBA87C424210EE80089157A = {
						CreatedOnToolsVersion = 11.3.1;
					};
				};
			};
			buildConfigurationList = BDBA87C024210EE80089157A /* Build configuration list for PBXProject "MoveItem2" */;
			compatibilityVersion = "Xcode 9.3";
			developmentRegion = en;
			hasScannedForEncodings = 0;
			knownRegions = (
				en,
				Base,
			);
			mainGroup = BDBA87BC24210EE80089157A;
			productRefGroup = BDBA87C624210EE80089157A /* Products */;
			projectDirPath = "";
			projectRoot = "";
			targets = (
				BDBA87C424210EE80089157A /* MoveItem2 */,
			);
		};
/* End PBXProject section */

/* Begin PBXResourcesBuildPhase section */
		BDBA87C324210EE80089157A /* Resources */ = {
			isa = PBXResourcesBuildPhase;
			buildActionMask = 2147483647;
			files = (
				BDBA87D824210EEB0089157A /* LaunchScreen.storyboard in Resources */,
				BDBA87D524210EEB0089157A /* Assets.xcassets in Resources */,
				BDBA87D324210EE80089157A /* Main.storyboard in Resources */,
			);
			runOnlyForDeploymentPostprocessing = 0;
		};
/* End PBXResourcesBuildPhase section */

/* Begin PBXSourcesBuildPhase section */
		BDBA87C124210EE80089157A /* Sources */ = {
			isa = PBXSourcesBuildPhase;
			buildActionMask = 2147483647;
			files = (
				BDBA87D024210EE80089157A /* ViewController.m in Sources */,
				BDBA87CA24210EE80089157A /* AppDelegate.m in Sources */,
				BDBA87DB24210EEB0089157A /* main.m in Sources */,
				BDBA87CD24210EE80089157A /* SceneDelegate.m in Sources */,
			);
			runOnlyForDeploymentPostprocessing = 0;
		};
/* End PBXSourcesBuildPhase section */

/* Begin PBXVariantGroup section */
		BDBA87D124210EE80089157A /* Main.storyboard */ = {
			isa = PBXVariantGroup;
			children = (
				BDBA87D224210EE80089157A /* Base */,
			);
			name = Main.storyboard;
			sourceTree = "<group>";
		};
		BDBA87D624210EEB0089157A /* LaunchScreen.storyboard */ = {
			isa = PBXVariantGroup;
			children = (
				BDBA87D724210EEB0089157A /* Base */,
			);
			name = LaunchScreen.storyboard;
			sourceTree = "<group>";
		};
/* End PBXVariantGroup section */

/* Begin XCBuildConfiguration section */
		BDBA87DC24210EEB0089157A /* Debug */ = {
			isa = XCBuildConfiguration;
			buildSettings = {
				ALWAYS_SEARCH_USER_PATHS = NO;
				CLANG_ANALYZER_NONNULL = YES;
				CLANG_ANALYZER_NUMBER_OBJECT_CONVERSION = YES_AGGRESSIVE;
				CLANG_CXX_LANGUAGE_STANDARD = "gnu++14";
				CLANG_CXX_LIBRARY = "libc++";
				CLANG_ENABLE_MODULES = YES;
				CLANG_ENABLE_OBJC_ARC = YES;
				CLANG_ENABLE_OBJC_WEAK = YES;
				CLANG_WARN_BLOCK_CAPTURE_AUTORELEASING = YES;
				CLANG_WARN_BOOL_CONVERSION = YES;
				CLANG_WARN_COMMA = YES;
				CLANG_WARN_CONSTANT_CONVERSION = YES;
				CLANG_WARN_DEPRECATED_OBJC_IMPLEMENTATIONS = YES;
				CLANG_WARN_DIRECT_OBJC_ISA_USAGE = YES_ERROR;
				CLANG_WARN_DOCUMENTATION_COMMENTS = YES;
				CLANG_WARN_EMPTY_BODY = YES;
				CLANG_WARN_ENUM_CONVERSION = YES;
				CLANG_WARN_INFINITE_RECURSION = YES;
				CLANG_WARN_INT_CONVERSION = YES;
				CLANG_WARN_NON_LITERAL_NULL_CONVERSION = YES;
				CLANG_WARN_OBJC_IMPLICIT_RETAIN_SELF = YES;
				CLANG_WARN_OBJC_LITERAL_CONVERSION = YES;
				CLANG_WARN_OBJC_ROOT_CLASS = YES_ERROR;
				CLANG_WARN_RANGE_LOOP_ANALYSIS = YES;
				CLANG_WARN_STRICT_PROTOTYPES = YES;
				CLANG_WARN_SUSPICIOUS_MOVE = YES;
				CLANG_WARN_UNGUARDED_AVAILABILITY = YES_AGGRESSIVE;
				CLANG_WARN_UNREACHABLE_CODE = YES;
				CLANG_WARN__DUPLICATE_METHOD_MATCH = YES;
				COPY_PHASE_STRIP = NO;
				DEBUG_INFORMATION_FORMAT = dwarf;
				ENABLE_STRICT_OBJC_MSGSEND = YES;
				ENABLE_TESTABILITY = YES;
				GCC_C_LANGUAGE_STANDARD = gnu11;
				GCC_DYNAMIC_NO_PIC = NO;
				GCC_NO_COMMON_BLOCKS = YES;
				GCC_OPTIMIZATION_LEVEL = 0;
				GCC_PREPROCESSOR_DEFINITIONS = (
					"DEBUG=1",
					"$(inherited)",
				);
				GCC_WARN_64_TO_32_BIT_CONVERSION = YES;
				GCC_WARN_ABOUT_RETURN_TYPE = YES_ERROR;
				GCC_WARN_UNDECLARED_SELECTOR = YES;
				GCC_WARN_UNINITIALIZED_AUTOS = YES_AGGRESSIVE;
				GCC_WARN_UNUSED_FUNCTION = YES;
				GCC_WARN_UNUSED_VARIABLE = YES;
				IPHONEOS_DEPLOYMENT_TARGET = 13.2;
				MTL_ENABLE_DEBUG_INFO = INCLUDE_SOURCE;
				MTL_FAST_MATH = YES;
				ONLY_ACTIVE_ARCH = YES;
				SDKROOT = iphoneos;
			};
			name = Debug;
		};
		BDBA87DD24210EEB0089157A /* Release */ = {
			isa = XCBuildConfiguration;
			buildSettings = {
				ALWAYS_SEARCH_USER_PATHS = NO;
				CLANG_ANALYZER_NONNULL = YES;
				CLANG_ANALYZER_NUMBER_OBJECT_CONVERSION = YES_AGGRESSIVE;
				CLANG_CXX_LANGUAGE_STANDARD = "gnu++14";
				CLANG_CXX_LIBRARY = "libc++";
				CLANG_ENABLE_MODULES = YES;
				CLANG_ENABLE_OBJC_ARC = YES;
				CLANG_ENABLE_OBJC_WEAK = YES;
				CLANG_WARN_BLOCK_CAPTURE_AUTORELEASING = YES;
				CLANG_WARN_BOOL_CONVERSION = YES;
				CLANG_WARN_COMMA = YES;
				CLANG_WARN_CONSTANT_CONVERSION = YES;
				CLANG_WARN_DEPRECATED_OBJC_IMPLEMENTATIONS = YES;
				CLANG_WARN_DIRECT_OBJC_ISA_USAGE = YES_ERROR;
				CLANG_WARN_DOCUMENTATION_COMMENTS = YES;
				CLANG_WARN_EMPTY_BODY = YES;
				CLANG_WARN_ENUM_CONVERSION = YES;
				CLANG_WARN_INFINITE_RECURSION = YES;
				CLANG_WARN_INT_CONVERSION = YES;
				CLANG_WARN_NON_LITERAL_NULL_CONVERSION = YES;
				CLANG_WARN_OBJC_IMPLICIT_RETAIN_SELF = YES;
				CLANG_WARN_OBJC_LITERAL_CONVERSION = YES;
				CLANG_WARN_OBJC_ROOT_CLASS = YES_ERROR;
				CLANG_WARN_RANGE_LOOP_ANALYSIS = YES;
				CLANG_WARN_STRICT_PROTOTYPES = YES;
				CLANG_WARN_SUSPICIOUS_MOVE = YES;
				CLANG_WARN_UNGUARDED_AVAILABILITY = YES_AGGRESSIVE;
				CLANG_WARN_UNREACHABLE_CODE = YES;
				CLANG_WARN__DUPLICATE_METHOD_MATCH = YES;
				COPY_PHASE_STRIP = NO;
				DEBUG_INFORMATION_FORMAT = "dwarf-with-dsym";
				ENABLE_NS_ASSERTIONS = NO;
				ENABLE_STRICT_OBJC_MSGSEND = YES;
				GCC_C_LANGUAGE_STANDARD = gnu11;
				GCC_NO_COMMON_BLOCKS = YES;
				GCC_WARN_64_TO_32_BIT_CONVERSION = YES;
				GCC_WARN_ABOUT_RETURN_TYPE = YES_ERROR;
				GCC_WARN_UNDECLARED_SELECTOR = YES;
				GCC_WARN_UNINITIALIZED_AUTOS = YES_AGGRESSIVE;
				GCC_WARN_UNUSED_FUNCTION = YES;
				GCC_WARN_UNUSED_VARIABLE = YES;
				IPHONEOS_DEPLOYMENT_TARGET = 13.2;
				MTL_ENABLE_DEBUG_INFO = NO;
				MTL_FAST_MATH = YES;
				SDKROOT = iphoneos;
				VALIDATE_PRODUCT = YES;
			};
			name = Release;
		};
		BDBA87DF24210EEB0089157A /* Debug */ = {
			isa = XCBuildConfiguration;
			buildSettings = {
				ASSETCATALOG_COMPILER_APPICON_NAME = AppIcon;
				CODE_SIGN_STYLE = Automatic;
				INFOPLIST_FILE = MoveItem2/Info.plist;
				LD_RUNPATH_SEARCH_PATHS = (
					"$(inherited)",
					"@executable_path/Frameworks",
				);
				PRODUCT_BUNDLE_IDENTIFIER = com.cocoajason.MoveItem2;
				PRODUCT_NAME = "$(TARGET_NAME)";
				TARGETED_DEVICE_FAMILY = "1,2";
			};
			name = Debug;
		};
		BDBA87E024210EEB0089157A /* Release */ = {
			isa = XCBuildConfiguration;
			buildSettings = {
				ASSETCATALOG_COMPILER_APPICON_NAME = AppIcon;
				CODE_SIGN_STYLE = Automatic;
				INFOPLIST_FILE = MoveItem2/Info.plist;
				LD_RUNPATH_SEARCH_PATHS = (
					"$(inherited)",
					"@executable_path/Frameworks",
				);
				PRODUCT_BUNDLE_IDENTIFIER = com.cocoajason.MoveItem2;
				PRODUCT_NAME = "$(TARGET_NAME)";
				TARGETED_DEVICE_FAMILY = "1,2";
			};
			name = Release;
		};
/* End XCBuildConfiguration section */

/* Begin XCConfigurationList section */
		BDBA87C024210EE80089157A /* Build configuration list for PBXProject "MoveItem2" */ = {
			isa = XCConfigurationList;
			buildConfigurations = (
				BDBA87DC24210EEB0089157A /* Debug */,
				BDBA87DD24210EEB0089157A /* Release */,
			);
			defaultConfigurationIsVisible = 0;
			defaultConfigurationName = Release;
		};
		BDBA87DE24210EEB0089157A /* Build configuration list for PBXNativeTarget "MoveItem2" */ = {
			isa = XCConfigurationList;
			buildConfigurations = (
				BDBA87DF24210EEB0089157A /* Debug */,
				BDBA87E024210EEB0089157A /* Release */,
			);
			defaultConfigurationIsVisible = 0;
			defaultConfigurationName = Release;
		};
/* End XCConfigurationList section */
	};
	rootObject = BDBA87BD24210EE80089157A /* Project object */;
}
